lockfileVersion: '6.0'

settings:
  autoInstallPeers: true
  excludeLinksFromLockfile: false

dependencies:
  open-im-sdk:
    specifier: 2.3.0-beta.2
    version: 2.3.0-beta.2
  tdesign-miniprogram:
    specifier: ^1.1.12
    version: 1.1.12

packages:

  /dayjs@1.11.9:
    resolution: {integrity: sha512-QvzAURSbQ0pKdIye2txOzNaHmxtUBXerpY0FJsFXUMKbIZeFm5ht1LS/jFsrncjnmtv8HsG0W2g6c0zUjZWmpA==}
    dev: false

  /open-im-sdk@2.3.0-beta.2:
    resolution: {integrity: sha512-phi/mJzGytB3DkTXDYxKjGDcZUwXTM9yBDIOKxXX6oh8QBnLYNUdVfGLB8SsqMdfltGRu2c6MLjq1I0kW6EP2A==}
    dev: false

  /tdesign-miniprogram@1.1.12:
    resolution: {integrity: sha512-OlYRpFk2lPoqWxzaCfkjV8tTKJ57RkwIxigZMtfwHocKUDwiWOnJ+TNGEgJBHy1/6GmXZHG2j89PXpVHXhJeqw==}
    dependencies:
      dayjs: 1.11.9
    dev: false
